<?xml version="1.0" encoding="utf-8"?>
<Project ToolsVersion="4.0" xmlns="http://schemas.microsoft.com/developer/msbuild/2003">
  <ItemGroup>
    <Filter Include="Source Files">
      <UniqueIdentifier>{4FC737F1-C7A5-4376-A066-2A32D752A2FF}</UniqueIdentifier>
      <Extensions>cpp;c;cc;cxx;def;odl;idl;hpj;bat;asm;asmx</Extensions>
    </Filter>
    <Filter Include="Header Files">
      <UniqueIdentifier>{93995380-89BD-4b04-88EB-625FBE52EBFB}</UniqueIdentifier>
      <Extensions>h;hh;hpp;hxx;hm;inl;inc;xsd</Extensions>
    </Filter>
    <Filter Include="Resource Files">
      <UniqueIdentifier>{D9D6E242-F8AF-46E4-B9FD-80ECBC20BA3E}</UniqueIdentifier>
      <Extensions>qrc;*</Extensions>
      <ParseFiles>false</ParseFiles>
    </Filter>
    <Filter Include="Form Files">
      <UniqueIdentifier>{99349809-55BA-4b9d-BF79-8FDBB0286EB3}</UniqueIdentifier>
      <Extensions>ui</Extensions>
    </Filter>
    <Filter Include="Resource Files">
      <UniqueIdentifier>{D9D6E242-F8AF-46E4-B9FD-80ECBC20BA3E}</UniqueIdentifier>
      <Extensions>qrc;*</Extensions>
      <ParseFiles>false</ParseFiles>
    </Filter>
    <Filter Include="Generated Files">
      <UniqueIdentifier>{71ED8ED8-ACB9-4CE9-BBE1-E00B30144E11}</UniqueIdentifier>
      <Extensions>moc;h;cpp</Extensions>
      <SourceControlFiles>False</SourceControlFiles>
    </Filter>
    <Filter Include="Source Files\FrameSwapSystem">
      <UniqueIdentifier>{17ee8e33-31fe-4b8c-802d-5fd037f588fc}</UniqueIdentifier>
    </Filter>
    <Filter Include="Header Files\FrameSwapSystem">
      <UniqueIdentifier>{e063465a-43c4-4ff4-9d24-c0d90f4c19dd}</UniqueIdentifier>
    </Filter>
  </ItemGroup>
  <ItemGroup>
    <ClCompile Include="main.cpp">
      <Filter>Source Files</Filter>
    </ClCompile>
    <ClCompile Include="APlayerBasedOnFrameSwapSystem.cpp">
      <Filter>Source Files</Filter>
    </ClCompile>
    <ClCompile Include="Frame.cpp">
      <Filter>Source Files</Filter>
    </ClCompile>
    <ClCompile Include="HyperMediaPlayer.cpp">
      <Filter>Source Files</Filter>
    </ClCompile>
    <ClCompile Include="..\FrameSwapSystem\FrameSwapCache_private.cpp">
      <Filter>Source Files\FrameSwapSystem</Filter>
    </ClCompile>
    <ClCompile Include="..\FrameSwapSystem\FrameSwapCache_public.cpp">
      <Filter>Source Files\FrameSwapSystem</Filter>
    </ClCompile>
    <ClCompile Include="..\FrameSwapSystem\multiThread.cpp">
      <Filter>Source Files\FrameSwapSystem</Filter>
    </ClCompile>
  </ItemGroup>
  <ItemGroup>
    <QtMoc Include="APlayerBasedOnFrameSwapSystem.h">
      <Filter>Header Files</Filter>
    </QtMoc>
    <QtMoc Include="HyperMediaPlayer.h">
      <Filter>Header Files</Filter>
    </QtMoc>
    <QtMoc Include="..\FrameSwapSystem\multiThread.h">
      <Filter>Header Files\FrameSwapSystem</Filter>
    </QtMoc>
  </ItemGroup>
  <ItemGroup>
    <QtUic Include="APlayerBasedOnFrameSwapSystem.ui">
      <Filter>Form Files</Filter>
    </QtUic>
    <QtUic Include="Player.ui">
      <Filter>Form Files</Filter>
    </QtUic>
  </ItemGroup>
  <ItemGroup>
    <QtRcc Include="APlayerBasedOnFrameSwapSystem.qrc">
      <Filter>Resource Files</Filter>
    </QtRcc>
  </ItemGroup>
  <ItemGroup>
    <ClInclude Include="GeneratedFiles\ui_Player.h">
      <Filter>Generated Files</Filter>
    </ClInclude>
    <ClInclude Include="FrameSwapCache.h">
      <Filter>Header Files</Filter>
    </ClInclude>
    <ClInclude Include="..\FrameSwapSystem\FrameSwapCache.h">
      <Filter>Header Files\FrameSwapSystem</Filter>
    </ClInclude>
  </ItemGroup>
</Project>